
Microsoft Visual Studio Solution File, Format Version 12.00
# Visual Studio 15
VisualStudioVersion = 15.0.28010.2036
MinimumVisualStudioVersion = 10.0.40219.1
Project("{9A19103F-16F7-4668-BE54-9A1E7A4F7556}") = "Products.Web", "Products.Web\Products.Web.csproj", "{BDCCBC73-C39D-49CE-B082-C8CDF16D1D24}"
EndProject
Project("{9A19103F-16F7-4668-BE54-9A1E7A4F7556}") = "Products.Data", "Products.Data\Products.Data.csproj", "{CCA8A6EE-C57B-4F8F-8692-BA87C2BC0411}"
EndProject
Global
	GlobalSection(SolutionConfigurationPlatforms) = preSolution
		Debug|Any CPU = Debug|Any CPU
		Release|Any CPU = Release|Any CPU
	EndGlobalSection
	GlobalSection(ProjectConfigurationPlatforms) = postSolution
		{BDCCBC73-C39D-49CE-B082-C8CDF16D1D24}.Debug|Any CPU.ActiveCfg = Debug|Any CPU
		{BDCCBC73-C39D-49CE-B082-C8CDF16D1D24}.Debug|Any CPU.Build.0 = Debug|Any CPU
		{BDCCBC73-C39D-49CE-B082-C8CDF16D1D24}.Release|Any CPU.ActiveCfg = Release|Any CPU
		{BDCCBC73-C39D-49CE-B082-C8CDF16D1D24}.Release|Any CPU.Build.0 = Release|Any CPU
		{CCA8A6EE-C57B-4F8F-8692-BA87C2BC0411}.Debug|Any CPU.ActiveCfg = Debug|Any CPU
		{CCA8A6EE-C57B-4F8F-8692-BA87C2BC0411}.Debug|Any CPU.Build.0 = Debug|Any CPU
		{CCA8A6EE-C57B-4F8F-8692-BA87C2BC0411}.Release|Any CPU.ActiveCfg = Release|Any CPU
		{CCA8A6EE-C57B-4F8F-8692-BA87C2BC0411}.Release|Any CPU.Build.0 = Release|Any CPU
	EndGlobalSection
	GlobalSection(SolutionProperties) = preSolution
		HideSolutionNode = FALSE
	EndGlobalSection
	GlobalSection(ExtensibilityGlobals) = postSolution
		SolutionGuid = {81CAF907-C5FB-4A1A-A848-1A2778FC66F7}
	EndGlobalSection
EndGlobal
